
Microsoft Visual Studio Solution File, Format Version 12.00
# Visual Studio Version 16
VisualStudioVersion = 16.0.31911.196
MinimumVisualStudioVersion = 10.0.40219.1
Project("{FAE04EC0-301F-11D3-BF4B-00C04F79EFBC}") = "TravelMK", "TravelMK\TravelMK.csproj", "{A79DEDFD-762D-4D20-8BDA-AB523ADF4C52}"
EndProject
Global
	GlobalSection(SolutionConfigurationPlatforms) = preSolution
		Debug|Any CPU = Debug|Any CPU
		Release|Any CPU = Release|Any CPU
	EndGlobalSection
	GlobalSection(ProjectConfigurationPlatforms) = postSolution
		{A79DEDFD-762D-4D20-8BDA-AB523ADF4C52}.Debug|Any CPU.ActiveCfg = Debug|Any CPU
		{A79DEDFD-762D-4D20-8BDA-AB523ADF4C52}.Debug|Any CPU.Build.0 = Debug|Any CPU
		{A79DEDFD-762D-4D20-8BDA-AB523ADF4C52}.Release|Any CPU.ActiveCfg = Release|Any CPU
		{A79DEDFD-762D-4D20-8BDA-AB523ADF4C52}.Release|Any CPU.Build.0 = Release|Any CPU
	EndGlobalSection
	GlobalSection(SolutionProperties) = preSolution
		HideSolutionNode = FALSE
	EndGlobalSection
	GlobalSection(ExtensibilityGlobals) = postSolution
		SolutionGuid = {A8CE4B0A-A7A2-4B24-ABC9-D8AFB707214C}
	EndGlobalSection
EndGlobal
